
Microsoft Visual Studio Solution File, Format Version 12.00
Project("{FAE04EC0-301F-11D3-BF4B-00C04F79EFBC}") = "DesktopDemo.WPF", "DesktopDemo.WPF\DesktopDemo.WPF.csproj", "{4FE34A3A-4E30-4D47-B59F-D0520814D17C}"
EndProject
Global
	GlobalSection(SolutionConfigurationPlatforms) = preSolution
		Debug|Any CPU = Debug|Any CPU
		Release|Any CPU = Release|Any CPU
	EndGlobalSection
	GlobalSection(ProjectConfigurationPlatforms) = postSolution
		{4FE34A3A-4E30-4D47-B59F-D0520814D17C}.Debug|Any CPU.ActiveCfg = Debug|Any CPU
		{4FE34A3A-4E30-4D47-B59F-D0520814D17C}.Debug|Any CPU.Build.0 = Debug|Any CPU
		{4FE34A3A-4E30-4D47-B59F-D0520814D17C}.Release|Any CPU.ActiveCfg = Release|Any CPU
		{4FE34A3A-4E30-4D47-B59F-D0520814D17C}.Release|Any CPU.Build.0 = Release|Any CPU
	EndGlobalSection
EndGlobal
